
Microsoft Visual Studio Solution File, Format Version 12.00
# Visual Studio 14
VisualStudioVersion = 14.0.25420.1
MinimumVisualStudioVersion = 10.0.40219.1
Project("{2150E333-8FDC-42A3-9474-1A3956D46DE8}") = "0 - Presentation", "0 - Presentation", "{9E0F8508-8D36-4397-B63D-234D6A04953A}"
EndProject
Project("{2150E333-8FDC-42A3-9474-1A3956D46DE8}") = "1 - Services", "1 - Services", "{EFBA4FC6-C681-42BD-90CB-A7783F47C618}"
EndProject
Project("{2150E333-8FDC-42A3-9474-1A3956D46DE8}") = "2 - Application", "2 - Application", "{BE5D90E2-9349-4688-9B39-483861F388FB}"
EndProject
Project("{2150E333-8FDC-42A3-9474-1A3956D46DE8}") = "3 - Domain", "3 - Domain", "{AEEA50A6-65EF-411E-B71D-F397F1F37845}"
EndProject
Project("{2150E333-8FDC-42A3-9474-1A3956D46DE8}") = "4 - Infra", "4 - Infra", "{5F4993C1-BC8A-46CE-9A71-19511CB14EA8}"
EndProject
Project("{2150E333-8FDC-42A3-9474-1A3956D46DE8}") = "4.1 - CrossCutting", "4.1 - CrossCutting", "{FF5FAA7B-EB68-4B2A-B3F9-FFF50B7A683D}"
EndProject
Project("{2150E333-8FDC-42A3-9474-1A3956D46DE8}") = "4.1 - Data", "4.1 - Data", "{BCBC07B1-BC62-43DD-8FC2-47DFD5FDE4E0}"
EndProject
Project("{FAE04EC0-301F-11D3-BF4B-00C04F79EFBC}") = "ProjetoLavi.Aplicacao", "ProjetoLavi.Aplicacao\ProjetoLavi.Aplicacao.csproj", "{AE1ED7F9-B0F2-4CAA-90FE-875848545CB4}"
EndProject
Project("{FAE04EC0-301F-11D3-BF4B-00C04F79EFBC}") = "ProjetoLavi.Dominio", "ProjetoLavi.Dominio\ProjetoLavi.Dominio.csproj", "{929DE8DE-22C1-4AB1-B780-7D604EEDB1B1}"
EndProject
Project("{FAE04EC0-301F-11D3-BF4B-00C04F79EFBC}") = "ProjetoLavi.Comum", "ProjetoLavi.Comum\ProjetoLavi.Comum.csproj", "{6D8CF211-117A-492D-BDB8-63834EE046FF}"
EndProject
Project("{FAE04EC0-301F-11D3-BF4B-00C04F79EFBC}") = "ProjetoLavi.Dados", "ProjetoLavi.Dados\ProjetoLavi.Dados.csproj", "{2B93D27C-45A9-417A-BE97-62E9085F7307}"
EndProject
Project("{FAE04EC0-301F-11D3-BF4B-00C04F79EFBC}") = "ProjetoLavi.Servico", "ProjetoLavi.Servico\ProjetoLavi.Servico.csproj", "{F941C022-30EB-4045-91CA-CDFBCFF9649D}"
EndProject
Project("{FAE04EC0-301F-11D3-BF4B-00C04F79EFBC}") = "ProjetoLavi.Dominio.Test", "ProjetoLavi.Dominio.Test\ProjetoLavi.Dominio.Test.csproj", "{630712B7-3EE4-41F0-B19B-45E89AD351A2}"
EndProject
Project("{FAE04EC0-301F-11D3-BF4B-00C04F79EFBC}") = "ProjetoLavi.Comum.Test", "ProjetoLavi.Comum.Test\ProjetoLavi.Comum.Test.csproj", "{C9F13697-92D5-4E5C-B27F-16B033130E3D}"
EndProject
Project("{FAE04EC0-301F-11D3-BF4B-00C04F79EFBC}") = "ProjetoLavi.Dados.Test", "ProjetoLavi.Dados.Test\ProjetoLavi.Dados.Test.csproj", "{57894C84-4A87-4031-996C-6C360BFBD7C2}"
EndProject
Project("{FAE04EC0-301F-11D3-BF4B-00C04F79EFBC}") = "ProjetoLavi.Mvc", "ProjetoLavi.Mvc\ProjetoLavi.Mvc.csproj", "{E8B81CC3-F856-4B22-BF32-BBD1E12E33AE}"
EndProject
Project("{FAE04EC0-301F-11D3-BF4B-00C04F79EFBC}") = "ProjetoLavi.Mvc.Tests", "ProjetoLavi.Mvc.Tests\ProjetoLavi.Mvc.Tests.csproj", "{F680630A-00A4-4DED-BF68-0CE3DEAE4888}"
EndProject
Global
	GlobalSection(SolutionConfigurationPlatforms) = preSolution
		AppVeyor|Any CPU = AppVeyor|Any CPU
		AppVeyor|ARM = AppVeyor|ARM
		AppVeyor|x64 = AppVeyor|x64
		AppVeyor|x86 = AppVeyor|x86
		Debug|Any CPU = Debug|Any CPU
		Debug|ARM = Debug|ARM
		Debug|x64 = Debug|x64
		Debug|x86 = Debug|x86
		Release|Any CPU = Release|Any CPU
		Release|ARM = Release|ARM
		Release|x64 = Release|x64
		Release|x86 = Release|x86
	EndGlobalSection
	GlobalSection(ProjectConfigurationPlatforms) = postSolution
		{AE1ED7F9-B0F2-4CAA-90FE-875848545CB4}.AppVeyor|Any CPU.ActiveCfg = Release|Any CPU
		{AE1ED7F9-B0F2-4CAA-90FE-875848545CB4}.AppVeyor|Any CPU.Build.0 = Release|Any CPU
		{AE1ED7F9-B0F2-4CAA-90FE-875848545CB4}.AppVeyor|ARM.ActiveCfg = Release|Any CPU
		{AE1ED7F9-B0F2-4CAA-90FE-875848545CB4}.AppVeyor|ARM.Build.0 = Release|Any CPU
		{AE1ED7F9-B0F2-4CAA-90FE-875848545CB4}.AppVeyor|x64.ActiveCfg = Release|Any CPU
		{AE1ED7F9-B0F2-4CAA-90FE-875848545CB4}.AppVeyor|x64.Build.0 = Release|Any CPU
		{AE1ED7F9-B0F2-4CAA-90FE-875848545CB4}.AppVeyor|x86.ActiveCfg = Release|Any CPU
		{AE1ED7F9-B0F2-4CAA-90FE-875848545CB4}.AppVeyor|x86.Build.0 = Release|Any CPU
		{AE1ED7F9-B0F2-4CAA-90FE-875848545CB4}.Debug|Any CPU.ActiveCfg = Debug|Any CPU
		{AE1ED7F9-B0F2-4CAA-90FE-875848545CB4}.Debug|Any CPU.Build.0 = Debug|Any CPU
		{AE1ED7F9-B0F2-4CAA-90FE-875848545CB4}.Debug|ARM.ActiveCfg = Debug|Any CPU
		{AE1ED7F9-B0F2-4CAA-90FE-875848545CB4}.Debug|ARM.Build.0 = Debug|Any CPU
		{AE1ED7F9-B0F2-4CAA-90FE-875848545CB4}.Debug|x64.ActiveCfg = Debug|Any CPU
		{AE1ED7F9-B0F2-4CAA-90FE-875848545CB4}.Debug|x64.Build.0 = Debug|Any CPU
		{AE1ED7F9-B0F2-4CAA-90FE-875848545CB4}.Debug|x86.ActiveCfg = Debug|Any CPU
		{AE1ED7F9-B0F2-4CAA-90FE-875848545CB4}.Debug|x86.Build.0 = Debug|Any CPU
		{AE1ED7F9-B0F2-4CAA-90FE-875848545CB4}.Release|Any CPU.ActiveCfg = Release|Any CPU
		{AE1ED7F9-B0F2-4CAA-90FE-875848545CB4}.Release|Any CPU.Build.0 = Release|Any CPU
		{AE1ED7F9-B0F2-4CAA-90FE-875848545CB4}.Release|ARM.ActiveCfg = Release|Any CPU
		{AE1ED7F9-B0F2-4CAA-90FE-875848545CB4}.Release|ARM.Build.0 = Release|Any CPU
		{AE1ED7F9-B0F2-4CAA-90FE-875848545CB4}.Release|x64.ActiveCfg = Release|Any CPU
		{AE1ED7F9-B0F2-4CAA-90FE-875848545CB4}.Release|x64.Build.0 = Release|Any CPU
		{AE1ED7F9-B0F2-4CAA-90FE-875848545CB4}.Release|x86.ActiveCfg = Release|Any CPU
		{AE1ED7F9-B0F2-4CAA-90FE-875848545CB4}.Release|x86.Build.0 = Release|Any CPU
		{929DE8DE-22C1-4AB1-B780-7D604EEDB1B1}.AppVeyor|Any CPU.ActiveCfg = Release|Any CPU
		{929DE8DE-22C1-4AB1-B780-7D604EEDB1B1}.AppVeyor|Any CPU.Build.0 = Release|Any CPU
		{929DE8DE-22C1-4AB1-B780-7D604EEDB1B1}.AppVeyor|ARM.ActiveCfg = Release|Any CPU
		{929DE8DE-22C1-4AB1-B780-7D604EEDB1B1}.AppVeyor|ARM.Build.0 = Release|Any CPU
		{929DE8DE-22C1-4AB1-B780-7D604EEDB1B1}.AppVeyor|x64.ActiveCfg = Release|Any CPU
		{929DE8DE-22C1-4AB1-B780-7D604EEDB1B1}.AppVeyor|x64.Build.0 = Release|Any CPU
		{929DE8DE-22C1-4AB1-B780-7D604EEDB1B1}.AppVeyor|x86.ActiveCfg = Release|Any CPU
		{929DE8DE-22C1-4AB1-B780-7D604EEDB1B1}.AppVeyor|x86.Build.0 = Release|Any CPU
		{929DE8DE-22C1-4AB1-B780-7D604EEDB1B1}.Debug|Any CPU.ActiveCfg = Debug|Any CPU
		{929DE8DE-22C1-4AB1-B780-7D604EEDB1B1}.Debug|Any CPU.Build.0 = Debug|Any CPU
		{929DE8DE-22C1-4AB1-B780-7D604EEDB1B1}.Debug|ARM.ActiveCfg = Debug|Any CPU
		{929DE8DE-22C1-4AB1-B780-7D604EEDB1B1}.Debug|ARM.Build.0 = Debug|Any CPU
		{929DE8DE-22C1-4AB1-B780-7D604EEDB1B1}.Debug|x64.ActiveCfg = Debug|Any CPU
		{929DE8DE-22C1-4AB1-B780-7D604EEDB1B1}.Debug|x64.Build.0 = Debug|Any CPU
		{929DE8DE-22C1-4AB1-B780-7D604EEDB1B1}.Debug|x86.ActiveCfg = Debug|Any CPU
		{929DE8DE-22C1-4AB1-B780-7D604EEDB1B1}.Debug|x86.Build.0 = Debug|Any CPU
		{929DE8DE-22C1-4AB1-B780-7D604EEDB1B1}.Release|Any CPU.ActiveCfg = Release|Any CPU
		{929DE8DE-22C1-4AB1-B780-7D604EEDB1B1}.Release|Any CPU.Build.0 = Release|Any CPU
		{929DE8DE-22C1-4AB1-B780-7D604EEDB1B1}.Release|ARM.ActiveCfg = Release|Any CPU
		{929DE8DE-22C1-4AB1-B780-7D604EEDB1B1}.Release|ARM.Build.0 = Release|Any CPU
		{929DE8DE-22C1-4AB1-B780-7D604EEDB1B1}.Release|x64.ActiveCfg = Release|Any CPU
		{929DE8DE-22C1-4AB1-B780-7D604EEDB1B1}.Release|x64.Build.0 = Release|Any CPU
		{929DE8DE-22C1-4AB1-B780-7D604EEDB1B1}.Release|x86.ActiveCfg = Release|Any CPU
		{929DE8DE-22C1-4AB1-B780-7D604EEDB1B1}.Release|x86.Build.0 = Release|Any CPU
		{6D8CF211-117A-492D-BDB8-63834EE046FF}.AppVeyor|Any CPU.ActiveCfg = Release|Any CPU
		{6D8CF211-117A-492D-BDB8-63834EE046FF}.AppVeyor|Any CPU.Build.0 = Release|Any CPU
		{6D8CF211-117A-492D-BDB8-63834EE046FF}.AppVeyor|ARM.ActiveCfg = Release|Any CPU
		{6D8CF211-117A-492D-BDB8-63834EE046FF}.AppVeyor|ARM.Build.0 = Release|Any CPU
		{6D8CF211-117A-492D-BDB8-63834EE046FF}.AppVeyor|x64.ActiveCfg = Release|Any CPU
		{6D8CF211-117A-492D-BDB8-63834EE046FF}.AppVeyor|x64.Build.0 = Release|Any CPU
		{6D8CF211-117A-492D-BDB8-63834EE046FF}.AppVeyor|x86.ActiveCfg = Release|Any CPU
		{6D8CF211-117A-492D-BDB8-63834EE046FF}.AppVeyor|x86.Build.0 = Release|Any CPU
		{6D8CF211-117A-492D-BDB8-63834EE046FF}.Debug|Any CPU.ActiveCfg = Debug|Any CPU
		{6D8CF211-117A-492D-BDB8-63834EE046FF}.Debug|Any CPU.Build.0 = Debug|Any CPU
		{6D8CF211-117A-492D-BDB8-63834EE046FF}.Debug|ARM.ActiveCfg = Debug|Any CPU
		{6D8CF211-117A-492D-BDB8-63834EE046FF}.Debug|ARM.Build.0 = Debug|Any CPU
		{6D8CF211-117A-492D-BDB8-63834EE046FF}.Debug|x64.ActiveCfg = Debug|Any CPU
		{6D8CF211-117A-492D-BDB8-63834EE046FF}.Debug|x64.Build.0 = Debug|Any CPU
		{6D8CF211-117A-492D-BDB8-63834EE046FF}.Debug|x86.ActiveCfg = Debug|Any CPU
		{6D8CF211-117A-492D-BDB8-63834EE046FF}.Debug|x86.Build.0 = Debug|Any CPU
		{6D8CF211-117A-492D-BDB8-63834EE046FF}.Release|Any CPU.ActiveCfg = Release|Any CPU
		{6D8CF211-117A-492D-BDB8-63834EE046FF}.Release|Any CPU.Build.0 = Release|Any CPU
		{6D8CF211-117A-492D-BDB8-63834EE046FF}.Release|ARM.ActiveCfg = Release|Any CPU
		{6D8CF211-117A-492D-BDB8-63834EE046FF}.Release|ARM.Build.0 = Release|Any CPU
		{6D8CF211-117A-492D-BDB8-63834EE046FF}.Release|x64.ActiveCfg = Release|Any CPU
		{6D8CF211-117A-492D-BDB8-63834EE046FF}.Release|x64.Build.0 = Release|Any CPU
		{6D8CF211-117A-492D-BDB8-63834EE046FF}.Release|x86.ActiveCfg = Release|Any CPU
		{6D8CF211-117A-492D-BDB8-63834EE046FF}.Release|x86.Build.0 = Release|Any CPU
		{2B93D27C-45A9-417A-BE97-62E9085F7307}.AppVeyor|Any CPU.ActiveCfg = Release|Any CPU
		{2B93D27C-45A9-417A-BE97-62E9085F7307}.AppVeyor|Any CPU.Build.0 = Release|Any CPU
		{2B93D27C-45A9-417A-BE97-62E9085F7307}.AppVeyor|ARM.ActiveCfg = Release|Any CPU
		{2B93D27C-45A9-417A-BE97-62E9085F7307}.AppVeyor|ARM.Build.0 = Release|Any CPU
		{2B93D27C-45A9-417A-BE97-62E9085F7307}.AppVeyor|x64.ActiveCfg = Release|Any CPU
		{2B93D27C-45A9-417A-BE97-62E9085F7307}.AppVeyor|x64.Build.0 = Release|Any CPU
		{2B93D27C-45A9-417A-BE97-62E9085F7307}.AppVeyor|x86.ActiveCfg = Release|Any CPU
		{2B93D27C-45A9-417A-BE97-62E9085F7307}.AppVeyor|x86.Build.0 = Release|Any CPU
		{2B93D27C-45A9-417A-BE97-62E9085F7307}.Debug|Any CPU.ActiveCfg = Debug|Any CPU
		{2B93D27C-45A9-417A-BE97-62E9085F7307}.Debug|Any CPU.Build.0 = Debug|Any CPU
		{2B93D27C-45A9-417A-BE97-62E9085F7307}.Debug|ARM.ActiveCfg = Debug|Any CPU
		{2B93D27C-45A9-417A-BE97-62E9085F7307}.Debug|ARM.Build.0 = Debug|Any CPU
		{2B93D27C-45A9-417A-BE97-62E9085F7307}.Debug|x64.ActiveCfg = Debug|Any CPU
		{2B93D27C-45A9-417A-BE97-62E9085F7307}.Debug|x64.Build.0 = Debug|Any CPU
		{2B93D27C-45A9-417A-BE97-62E9085F7307}.Debug|x86.ActiveCfg = Debug|Any CPU
		{2B93D27C-45A9-417A-BE97-62E9085F7307}.Debug|x86.Build.0 = Debug|Any CPU
		{2B93D27C-45A9-417A-BE97-62E9085F7307}.Release|Any CPU.ActiveCfg = Release|Any CPU
		{2B93D27C-45A9-417A-BE97-62E9085F7307}.Release|Any CPU.Build.0 = Release|Any CPU
		{2B93D27C-45A9-417A-BE97-62E9085F7307}.Release|ARM.ActiveCfg = Release|Any CPU
		{2B93D27C-45A9-417A-BE97-62E9085F7307}.Release|ARM.Build.0 = Release|Any CPU
		{2B93D27C-45A9-417A-BE97-62E9085F7307}.Release|x64.ActiveCfg = Release|Any CPU
		{2B93D27C-45A9-417A-BE97-62E9085F7307}.Release|x64.Build.0 = Release|Any CPU
		{2B93D27C-45A9-417A-BE97-62E9085F7307}.Release|x86.ActiveCfg = Release|Any CPU
		{2B93D27C-45A9-417A-BE97-62E9085F7307}.Release|x86.Build.0 = Release|Any CPU
		{F941C022-30EB-4045-91CA-CDFBCFF9649D}.AppVeyor|Any CPU.ActiveCfg = Release|Any CPU
		{F941C022-30EB-4045-91CA-CDFBCFF9649D}.AppVeyor|Any CPU.Build.0 = Release|Any CPU
		{F941C022-30EB-4045-91CA-CDFBCFF9649D}.AppVeyor|ARM.ActiveCfg = Release|Any CPU
		{F941C022-30EB-4045-91CA-CDFBCFF9649D}.AppVeyor|ARM.Build.0 = Release|Any CPU
		{F941C022-30EB-4045-91CA-CDFBCFF9649D}.AppVeyor|x64.ActiveCfg = Release|Any CPU
		{F941C022-30EB-4045-91CA-CDFBCFF9649D}.AppVeyor|x64.Build.0 = Release|Any CPU
		{F941C022-30EB-4045-91CA-CDFBCFF9649D}.AppVeyor|x86.ActiveCfg = Release|Any CPU
		{F941C022-30EB-4045-91CA-CDFBCFF9649D}.AppVeyor|x86.Build.0 = Release|Any CPU
		{F941C022-30EB-4045-91CA-CDFBCFF9649D}.Debug|Any CPU.ActiveCfg = Debug|Any CPU
		{F941C022-30EB-4045-91CA-CDFBCFF9649D}.Debug|Any CPU.Build.0 = Debug|Any CPU
		{F941C022-30EB-4045-91CA-CDFBCFF9649D}.Debug|ARM.ActiveCfg = Debug|Any CPU
		{F941C022-30EB-4045-91CA-CDFBCFF9649D}.Debug|ARM.Build.0 = Debug|Any CPU
		{F941C022-30EB-4045-91CA-CDFBCFF9649D}.Debug|x64.ActiveCfg = Debug|Any CPU
		{F941C022-30EB-4045-91CA-CDFBCFF9649D}.Debug|x64.Build.0 = Debug|Any CPU
		{F941C022-30EB-4045-91CA-CDFBCFF9649D}.Debug|x86.ActiveCfg = Debug|Any CPU
		{F941C022-30EB-4045-91CA-CDFBCFF9649D}.Debug|x86.Build.0 = Debug|Any CPU
		{F941C022-30EB-4045-91CA-CDFBCFF9649D}.Release|Any CPU.ActiveCfg = Release|Any CPU
		{F941C022-30EB-4045-91CA-CDFBCFF9649D}.Release|Any CPU.Build.0 = Release|Any CPU
		{F941C022-30EB-4045-91CA-CDFBCFF9649D}.Release|ARM.ActiveCfg = Release|Any CPU
		{F941C022-30EB-4045-91CA-CDFBCFF9649D}.Release|ARM.Build.0 = Release|Any CPU
		{F941C022-30EB-4045-91CA-CDFBCFF9649D}.Release|x64.ActiveCfg = Release|Any CPU
		{F941C022-30EB-4045-91CA-CDFBCFF9649D}.Release|x64.Build.0 = Release|Any CPU
		{F941C022-30EB-4045-91CA-CDFBCFF9649D}.Release|x86.ActiveCfg = Release|Any CPU
		{F941C022-30EB-4045-91CA-CDFBCFF9649D}.Release|x86.Build.0 = Release|Any CPU
		{630712B7-3EE4-41F0-B19B-45E89AD351A2}.AppVeyor|Any CPU.ActiveCfg = Release|Any CPU
		{630712B7-3EE4-41F0-B19B-45E89AD351A2}.AppVeyor|Any CPU.Build.0 = Release|Any CPU
		{630712B7-3EE4-41F0-B19B-45E89AD351A2}.AppVeyor|ARM.ActiveCfg = Release|Any CPU
		{630712B7-3EE4-41F0-B19B-45E89AD351A2}.AppVeyor|ARM.Build.0 = Release|Any CPU
		{630712B7-3EE4-41F0-B19B-45E89AD351A2}.AppVeyor|x64.ActiveCfg = Release|Any CPU
		{630712B7-3EE4-41F0-B19B-45E89AD351A2}.AppVeyor|x64.Build.0 = Release|Any CPU
		{630712B7-3EE4-41F0-B19B-45E89AD351A2}.AppVeyor|x86.ActiveCfg = Release|Any CPU
		{630712B7-3EE4-41F0-B19B-45E89AD351A2}.AppVeyor|x86.Build.0 = Release|Any CPU
		{630712B7-3EE4-41F0-B19B-45E89AD351A2}.Debug|Any CPU.ActiveCfg = Debug|Any CPU
		{630712B7-3EE4-41F0-B19B-45E89AD351A2}.Debug|Any CPU.Build.0 = Debug|Any CPU
		{630712B7-3EE4-41F0-B19B-45E89AD351A2}.Debug|ARM.ActiveCfg = Debug|Any CPU
		{630712B7-3EE4-41F0-B19B-45E89AD351A2}.Debug|ARM.Build.0 = Debug|Any CPU
		{630712B7-3EE4-41F0-B19B-45E89AD351A2}.Debug|x64.ActiveCfg = Debug|Any CPU
		{630712B7-3EE4-41F0-B19B-45E89AD351A2}.Debug|x64.Build.0 = Debug|Any CPU
		{630712B7-3EE4-41F0-B19B-45E89AD351A2}.Debug|x86.ActiveCfg = Debug|Any CPU
		{630712B7-3EE4-41F0-B19B-45E89AD351A2}.Debug|x86.Build.0 = Debug|Any CPU
		{630712B7-3EE4-41F0-B19B-45E89AD351A2}.Release|Any CPU.ActiveCfg = Release|Any CPU
		{630712B7-3EE4-41F0-B19B-45E89AD351A2}.Release|Any CPU.Build.0 = Release|Any CPU
		{630712B7-3EE4-41F0-B19B-45E89AD351A2}.Release|ARM.ActiveCfg = Release|Any CPU
		{630712B7-3EE4-41F0-B19B-45E89AD351A2}.Release|ARM.Build.0 = Release|Any CPU
		{630712B7-3EE4-41F0-B19B-45E89AD351A2}.Release|x64.ActiveCfg = Release|Any CPU
		{630712B7-3EE4-41F0-B19B-45E89AD351A2}.Release|x64.Build.0 = Release|Any CPU
		{630712B7-3EE4-41F0-B19B-45E89AD351A2}.Release|x86.ActiveCfg = Release|Any CPU
		{630712B7-3EE4-41F0-B19B-45E89AD351A2}.Release|x86.Build.0 = Release|Any CPU
		{C9F13697-92D5-4E5C-B27F-16B033130E3D}.AppVeyor|Any CPU.ActiveCfg = Release|Any CPU
		{C9F13697-92D5-4E5C-B27F-16B033130E3D}.AppVeyor|Any CPU.Build.0 = Release|Any CPU
		{C9F13697-92D5-4E5C-B27F-16B033130E3D}.AppVeyor|ARM.ActiveCfg = Release|Any CPU
		{C9F13697-92D5-4E5C-B27F-16B033130E3D}.AppVeyor|ARM.Build.0 = Release|Any CPU
		{C9F13697-92D5-4E5C-B27F-16B033130E3D}.AppVeyor|x64.ActiveCfg = Release|Any CPU
		{C9F13697-92D5-4E5C-B27F-16B033130E3D}.AppVeyor|x64.Build.0 = Release|Any CPU
		{C9F13697-92D5-4E5C-B27F-16B033130E3D}.AppVeyor|x86.ActiveCfg = Release|Any CPU
		{C9F13697-92D5-4E5C-B27F-16B033130E3D}.AppVeyor|x86.Build.0 = Release|Any CPU
		{C9F13697-92D5-4E5C-B27F-16B033130E3D}.Debug|Any CPU.ActiveCfg = Debug|Any CPU
		{C9F13697-92D5-4E5C-B27F-16B033130E3D}.Debug|Any CPU.Build.0 = Debug|Any CPU
		{C9F13697-92D5-4E5C-B27F-16B033130E3D}.Debug|ARM.ActiveCfg = Debug|Any CPU
		{C9F13697-92D5-4E5C-B27F-16B033130E3D}.Debug|ARM.Build.0 = Debug|Any CPU
		{C9F13697-92D5-4E5C-B27F-16B033130E3D}.Debug|x64.ActiveCfg = Debug|Any CPU
		{C9F13697-92D5-4E5C-B27F-16B033130E3D}.Debug|x64.Build.0 = Debug|Any CPU
		{C9F13697-92D5-4E5C-B27F-16B033130E3D}.Debug|x86.ActiveCfg = Debug|Any CPU
		{C9F13697-92D5-4E5C-B27F-16B033130E3D}.Debug|x86.Build.0 = Debug|Any CPU
		{C9F13697-92D5-4E5C-B27F-16B033130E3D}.Release|Any CPU.ActiveCfg = Release|Any CPU
		{C9F13697-92D5-4E5C-B27F-16B033130E3D}.Release|Any CPU.Build.0 = Release|Any CPU
		{C9F13697-92D5-4E5C-B27F-16B033130E3D}.Release|ARM.ActiveCfg = Release|Any CPU
		{C9F13697-92D5-4E5C-B27F-16B033130E3D}.Release|ARM.Build.0 = Release|Any CPU
		{C9F13697-92D5-4E5C-B27F-16B033130E3D}.Release|x64.ActiveCfg = Release|Any CPU
		{C9F13697-92D5-4E5C-B27F-16B033130E3D}.Release|x64.Build.0 = Release|Any CPU
		{C9F13697-92D5-4E5C-B27F-16B033130E3D}.Release|x86.ActiveCfg = Release|Any CPU
		{C9F13697-92D5-4E5C-B27F-16B033130E3D}.Release|x86.Build.0 = Release|Any CPU
		{57894C84-4A87-4031-996C-6C360BFBD7C2}.AppVeyor|Any CPU.ActiveCfg = Release|Any CPU
		{57894C84-4A87-4031-996C-6C360BFBD7C2}.AppVeyor|Any CPU.Build.0 = Release|Any CPU
		{57894C84-4A87-4031-996C-6C360BFBD7C2}.AppVeyor|ARM.ActiveCfg = Release|Any CPU
		{57894C84-4A87-4031-996C-6C360BFBD7C2}.AppVeyor|ARM.Build.0 = Release|Any CPU
		{57894C84-4A87-4031-996C-6C360BFBD7C2}.AppVeyor|x64.ActiveCfg = Release|Any CPU
		{57894C84-4A87-4031-996C-6C360BFBD7C2}.AppVeyor|x64.Build.0 = Release|Any CPU
		{57894C84-4A87-4031-996C-6C360BFBD7C2}.AppVeyor|x86.ActiveCfg = Release|Any CPU
		{57894C84-4A87-4031-996C-6C360BFBD7C2}.AppVeyor|x86.Build.0 = Release|Any CPU
		{57894C84-4A87-4031-996C-6C360BFBD7C2}.Debug|Any CPU.ActiveCfg = Debug|Any CPU
		{57894C84-4A87-4031-996C-6C360BFBD7C2}.Debug|Any CPU.Build.0 = Debug|Any CPU
		{57894C84-4A87-4031-996C-6C360BFBD7C2}.Debug|ARM.ActiveCfg = Debug|Any CPU
		{57894C84-4A87-4031-996C-6C360BFBD7C2}.Debug|ARM.Build.0 = Debug|Any CPU
		{57894C84-4A87-4031-996C-6C360BFBD7C2}.Debug|x64.ActiveCfg = Debug|Any CPU
		{57894C84-4A87-4031-996C-6C360BFBD7C2}.Debug|x64.Build.0 = Debug|Any CPU
		{57894C84-4A87-4031-996C-6C360BFBD7C2}.Debug|x86.ActiveCfg = Debug|Any CPU
		{57894C84-4A87-4031-996C-6C360BFBD7C2}.Debug|x86.Build.0 = Debug|Any CPU
		{57894C84-4A87-4031-996C-6C360BFBD7C2}.Release|Any CPU.ActiveCfg = Release|Any CPU
		{57894C84-4A87-4031-996C-6C360BFBD7C2}.Release|Any CPU.Build.0 = Release|Any CPU
		{57894C84-4A87-4031-996C-6C360BFBD7C2}.Release|ARM.ActiveCfg = Release|Any CPU
		{57894C84-4A87-4031-996C-6C360BFBD7C2}.Release|ARM.Build.0 = Release|Any CPU
		{57894C84-4A87-4031-996C-6C360BFBD7C2}.Release|x64.ActiveCfg = Release|Any CPU
		{57894C84-4A87-4031-996C-6C360BFBD7C2}.Release|x64.Build.0 = Release|Any CPU
		{57894C84-4A87-4031-996C-6C360BFBD7C2}.Release|x86.ActiveCfg = Release|Any CPU
		{57894C84-4A87-4031-996C-6C360BFBD7C2}.Release|x86.Build.0 = Release|Any CPU
		{E8B81CC3-F856-4B22-BF32-BBD1E12E33AE}.AppVeyor|Any CPU.ActiveCfg = Release|Any CPU
		{E8B81CC3-F856-4B22-BF32-BBD1E12E33AE}.AppVeyor|Any CPU.Build.0 = Release|Any CPU
		{E8B81CC3-F856-4B22-BF32-BBD1E12E33AE}.AppVeyor|ARM.ActiveCfg = Release|Any CPU
		{E8B81CC3-F856-4B22-BF32-BBD1E12E33AE}.AppVeyor|ARM.Build.0 = Release|Any CPU
		{E8B81CC3-F856-4B22-BF32-BBD1E12E33AE}.AppVeyor|x64.ActiveCfg = Release|Any CPU
		{E8B81CC3-F856-4B22-BF32-BBD1E12E33AE}.AppVeyor|x64.Build.0 = Release|Any CPU
		{E8B81CC3-F856-4B22-BF32-BBD1E12E33AE}.AppVeyor|x86.ActiveCfg = Release|Any CPU
		{E8B81CC3-F856-4B22-BF32-BBD1E12E33AE}.AppVeyor|x86.Build.0 = Release|Any CPU
		{E8B81CC3-F856-4B22-BF32-BBD1E12E33AE}.Debug|Any CPU.ActiveCfg = Debug|Any CPU
		{E8B81CC3-F856-4B22-BF32-BBD1E12E33AE}.Debug|Any CPU.Build.0 = Debug|Any CPU
		{E8B81CC3-F856-4B22-BF32-BBD1E12E33AE}.Debug|ARM.ActiveCfg = Debug|Any CPU
		{E8B81CC3-F856-4B22-BF32-BBD1E12E33AE}.Debug|ARM.Build.0 = Debug|Any CPU
		{E8B81CC3-F856-4B22-BF32-BBD1E12E33AE}.Debug|x64.ActiveCfg = Debug|Any CPU
		{E8B81CC3-F856-4B22-BF32-BBD1E12E33AE}.Debug|x64.Build.0 = Debug|Any CPU
		{E8B81CC3-F856-4B22-BF32-BBD1E12E33AE}.Debug|x86.ActiveCfg = Debug|Any CPU
		{E8B81CC3-F856-4B22-BF32-BBD1E12E33AE}.Debug|x86.Build.0 = Debug|Any CPU
		{E8B81CC3-F856-4B22-BF32-BBD1E12E33AE}.Release|Any CPU.ActiveCfg = Release|Any CPU
		{E8B81CC3-F856-4B22-BF32-BBD1E12E33AE}.Release|Any CPU.Build.0 = Release|Any CPU
		{E8B81CC3-F856-4B22-BF32-BBD1E12E33AE}.Release|ARM.ActiveCfg = Release|Any CPU
		{E8B81CC3-F856-4B22-BF32-BBD1E12E33AE}.Release|ARM.Build.0 = Release|Any CPU
		{E8B81CC3-F856-4B22-BF32-BBD1E12E33AE}.Release|x64.ActiveCfg = Release|Any CPU
		{E8B81CC3-F856-4B22-BF32-BBD1E12E33AE}.Release|x64.Build.0 = Release|Any CPU
		{E8B81CC3-F856-4B22-BF32-BBD1E12E33AE}.Release|x86.ActiveCfg = Release|Any CPU
		{E8B81CC3-F856-4B22-BF32-BBD1E12E33AE}.Release|x86.Build.0 = Release|Any CPU
		{F680630A-00A4-4DED-BF68-0CE3DEAE4888}.AppVeyor|Any CPU.ActiveCfg = Release|Any CPU
		{F680630A-00A4-4DED-BF68-0CE3DEAE4888}.AppVeyor|Any CPU.Build.0 = Release|Any CPU
		{F680630A-00A4-4DED-BF68-0CE3DEAE4888}.AppVeyor|ARM.ActiveCfg = Release|Any CPU
		{F680630A-00A4-4DED-BF68-0CE3DEAE4888}.AppVeyor|ARM.Build.0 = Release|Any CPU
		{F680630A-00A4-4DED-BF68-0CE3DEAE4888}.AppVeyor|x64.ActiveCfg = Release|Any CPU
		{F680630A-00A4-4DED-BF68-0CE3DEAE4888}.AppVeyor|x64.Build.0 = Release|Any CPU
		{F680630A-00A4-4DED-BF68-0CE3DEAE4888}.AppVeyor|x86.ActiveCfg = Release|Any CPU
		{F680630A-00A4-4DED-BF68-0CE3DEAE4888}.AppVeyor|x86.Build.0 = Release|Any CPU
		{F680630A-00A4-4DED-BF68-0CE3DEAE4888}.Debug|Any CPU.ActiveCfg = Debug|Any CPU
		{F680630A-00A4-4DED-BF68-0CE3DEAE4888}.Debug|Any CPU.Build.0 = Debug|Any CPU
		{F680630A-00A4-4DED-BF68-0CE3DEAE4888}.Debug|ARM.ActiveCfg = Debug|Any CPU
		{F680630A-00A4-4DED-BF68-0CE3DEAE4888}.Debug|ARM.Build.0 = Debug|Any CPU
		{F680630A-00A4-4DED-BF68-0CE3DEAE4888}.Debug|x64.ActiveCfg = Debug|Any CPU
		{F680630A-00A4-4DED-BF68-0CE3DEAE4888}.Debug|x64.Build.0 = Debug|Any CPU
		{F680630A-00A4-4DED-BF68-0CE3DEAE4888}.Debug|x86.ActiveCfg = Debug|Any CPU
		{F680630A-00A4-4DED-BF68-0CE3DEAE4888}.Debug|x86.Build.0 = Debug|Any CPU
		{F680630A-00A4-4DED-BF68-0CE3DEAE4888}.Release|Any CPU.ActiveCfg = Release|Any CPU
		{F680630A-00A4-4DED-BF68-0CE3DEAE4888}.Release|Any CPU.Build.0 = Release|Any CPU
		{F680630A-00A4-4DED-BF68-0CE3DEAE4888}.Release|ARM.ActiveCfg = Release|Any CPU
		{F680630A-00A4-4DED-BF68-0CE3DEAE4888}.Release|ARM.Build.0 = Release|Any CPU
		{F680630A-00A4-4DED-BF68-0CE3DEAE4888}.Release|x64.ActiveCfg = Release|Any CPU
		{F680630A-00A4-4DED-BF68-0CE3DEAE4888}.Release|x64.Build.0 = Release|Any CPU
		{F680630A-00A4-4DED-BF68-0CE3DEAE4888}.Release|x86.ActiveCfg = Release|Any CPU
		{F680630A-00A4-4DED-BF68-0CE3DEAE4888}.Release|x86.Build.0 = Release|Any CPU
	EndGlobalSection
	GlobalSection(SolutionProperties) = preSolution
		HideSolutionNode = FALSE
	EndGlobalSection
	GlobalSection(NestedProjects) = preSolution
		{FF5FAA7B-EB68-4B2A-B3F9-FFF50B7A683D} = {5F4993C1-BC8A-46CE-9A71-19511CB14EA8}
		{BCBC07B1-BC62-43DD-8FC2-47DFD5FDE4E0} = {5F4993C1-BC8A-46CE-9A71-19511CB14EA8}
		{AE1ED7F9-B0F2-4CAA-90FE-875848545CB4} = {BE5D90E2-9349-4688-9B39-483861F388FB}
		{929DE8DE-22C1-4AB1-B780-7D604EEDB1B1} = {AEEA50A6-65EF-411E-B71D-F397F1F37845}
		{6D8CF211-117A-492D-BDB8-63834EE046FF} = {FF5FAA7B-EB68-4B2A-B3F9-FFF50B7A683D}
		{2B93D27C-45A9-417A-BE97-62E9085F7307} = {BCBC07B1-BC62-43DD-8FC2-47DFD5FDE4E0}
		{F941C022-30EB-4045-91CA-CDFBCFF9649D} = {EFBA4FC6-C681-42BD-90CB-A7783F47C618}
		{630712B7-3EE4-41F0-B19B-45E89AD351A2} = {AEEA50A6-65EF-411E-B71D-F397F1F37845}
		{C9F13697-92D5-4E5C-B27F-16B033130E3D} = {FF5FAA7B-EB68-4B2A-B3F9-FFF50B7A683D}
		{57894C84-4A87-4031-996C-6C360BFBD7C2} = {BCBC07B1-BC62-43DD-8FC2-47DFD5FDE4E0}
		{E8B81CC3-F856-4B22-BF32-BBD1E12E33AE} = {9E0F8508-8D36-4397-B63D-234D6A04953A}
		{F680630A-00A4-4DED-BF68-0CE3DEAE4888} = {9E0F8508-8D36-4397-B63D-234D6A04953A}
	EndGlobalSection
EndGlobal
